
Microsoft Visual Studio Solution File, Format Version 12.00
# Visual Studio 15
VisualStudioVersion = 15.0.26730.15
MinimumVisualStudioVersion = 10.0.40219.1
Project("{FAE04EC0-301F-11D3-BF4B-00C04F79EFBC}") = "TutoringMarket.Core", "TutoringMarket.Core\TutoringMarket.Core.csproj", "{E7CAE8E1-5DD7-4576-95B8-97CFAA85DE89}"
EndProject
Project("{FAE04EC0-301F-11D3-BF4B-00C04F79EFBC}") = "TutoringMarket.Persistence", "TutoringMarket.Persistence\TutoringMarket.Persistence.csproj", "{31004C40-ABDE-4A32-AB48-90A4EDB818FE}"
EndProject
Project("{FAE04EC0-301F-11D3-BF4B-00C04F79EFBC}") = "TutoringMarket.FillDbTest", "TutoringMarket.FillDbTest\TutoringMarket.FillDbTest.csproj", "{DE3B3415-BDD7-4528-BD8E-2832C6970B28}"
EndProject
Project("{9A19103F-16F7-4668-BE54-9A1E7A4F7556}") = "TutoringMarket.WebIdentity", "TutoringMarket.WebIdentity\TutoringMarket.WebIdentity.csproj", "{CD568405-F345-4223-8368-0F34DC2783C1}"
EndProject
Global
	GlobalSection(SolutionConfigurationPlatforms) = preSolution
		Debug|Any CPU = Debug|Any CPU
		Release|Any CPU = Release|Any CPU
	EndGlobalSection
	GlobalSection(ProjectConfigurationPlatforms) = postSolution
		{E7CAE8E1-5DD7-4576-95B8-97CFAA85DE89}.Debug|Any CPU.ActiveCfg = Debug|Any CPU
		{E7CAE8E1-5DD7-4576-95B8-97CFAA85DE89}.Debug|Any CPU.Build.0 = Debug|Any CPU
		{E7CAE8E1-5DD7-4576-95B8-97CFAA85DE89}.Release|Any CPU.ActiveCfg = Release|Any CPU
		{E7CAE8E1-5DD7-4576-95B8-97CFAA85DE89}.Release|Any CPU.Build.0 = Release|Any CPU
		{31004C40-ABDE-4A32-AB48-90A4EDB818FE}.Debug|Any CPU.ActiveCfg = Debug|Any CPU
		{31004C40-ABDE-4A32-AB48-90A4EDB818FE}.Debug|Any CPU.Build.0 = Debug|Any CPU
		{31004C40-ABDE-4A32-AB48-90A4EDB818FE}.Release|Any CPU.ActiveCfg = Release|Any CPU
		{31004C40-ABDE-4A32-AB48-90A4EDB818FE}.Release|Any CPU.Build.0 = Release|Any CPU
		{DE3B3415-BDD7-4528-BD8E-2832C6970B28}.Debug|Any CPU.ActiveCfg = Debug|Any CPU
		{DE3B3415-BDD7-4528-BD8E-2832C6970B28}.Debug|Any CPU.Build.0 = Debug|Any CPU
		{DE3B3415-BDD7-4528-BD8E-2832C6970B28}.Release|Any CPU.ActiveCfg = Release|Any CPU
		{DE3B3415-BDD7-4528-BD8E-2832C6970B28}.Release|Any CPU.Build.0 = Release|Any CPU
		{CD568405-F345-4223-8368-0F34DC2783C1}.Debug|Any CPU.ActiveCfg = Debug|Any CPU
		{CD568405-F345-4223-8368-0F34DC2783C1}.Debug|Any CPU.Build.0 = Debug|Any CPU
		{CD568405-F345-4223-8368-0F34DC2783C1}.Release|Any CPU.ActiveCfg = Release|Any CPU
		{CD568405-F345-4223-8368-0F34DC2783C1}.Release|Any CPU.Build.0 = Release|Any CPU
	EndGlobalSection
	GlobalSection(SolutionProperties) = preSolution
		HideSolutionNode = FALSE
	EndGlobalSection
	GlobalSection(ExtensibilityGlobals) = postSolution
		SolutionGuid = {DB2EB45E-9B7E-43A7-8AEE-38680289B020}
	EndGlobalSection
EndGlobal
